
Microsoft Visual Studio Solution File, Format Version 12.00
# Visual Studio Version 17
VisualStudioVersion = 17.2.32616.157
MinimumVisualStudioVersion = 10.0.40219.1
Project("{FAE04EC0-301F-11D3-BF4B-00C04F79EFBC}") = "PicApp.UWP", "PicApp\PicApp.UWP\PicApp.UWP.csproj", "{7BD9381E-5741-4DCF-BC13-7A2D6BF6CAED}"
EndProject
Project("{FAE04EC0-301F-11D3-BF4B-00C04F79EFBC}") = "PicApp.Android", "PicApp\PicApp.Android\PicApp.Android.csproj", "{7BC7DFB4-7712-435D-9C75-6C5A36971E68}"
EndProject
Project("{FAE04EC0-301F-11D3-BF4B-00C04F79EFBC}") = "PicApp.iOS", "PicApp\PicApp.iOS\PicApp.iOS.csproj", "{C268C031-D454-4498-BC64-FEEBACC7C4B3}"
EndProject
Project("{FAE04EC0-301F-11D3-BF4B-00C04F79EFBC}") = "PicApp", "PicApp\PicApp\PicApp.csproj", "{9F26D3E9-533E-420C-9C1B-0095C7069EC0}"
EndProject
Global
	GlobalSection(SolutionConfigurationPlatforms) = preSolution
		Debug|Any CPU = Debug|Any CPU
		Debug|ARM = Debug|ARM
		Debug|iPhone = Debug|iPhone
		Debug|iPhoneSimulator = Debug|iPhoneSimulator
		Debug|x64 = Debug|x64
		Debug|x86 = Debug|x86
		Release|Any CPU = Release|Any CPU
		Release|ARM = Release|ARM
		Release|iPhone = Release|iPhone
		Release|iPhoneSimulator = Release|iPhoneSimulator
		Release|x64 = Release|x64
		Release|x86 = Release|x86
	EndGlobalSection
	GlobalSection(ProjectConfigurationPlatforms) = postSolution
		{7BD9381E-5741-4DCF-BC13-7A2D6BF6CAED}.Debug|Any CPU.ActiveCfg = Debug|x64
		{7BD9381E-5741-4DCF-BC13-7A2D6BF6CAED}.Debug|Any CPU.Build.0 = Debug|x64
		{7BD9381E-5741-4DCF-BC13-7A2D6BF6CAED}.Debug|Any CPU.Deploy.0 = Debug|x64
		{7BD9381E-5741-4DCF-BC13-7A2D6BF6CAED}.Debug|ARM.ActiveCfg = Debug|ARM
		{7BD9381E-5741-4DCF-BC13-7A2D6BF6CAED}.Debug|ARM.Build.0 = Debug|ARM
		{7BD9381E-5741-4DCF-BC13-7A2D6BF6CAED}.Debug|ARM.Deploy.0 = Debug|ARM
		{7BD9381E-5741-4DCF-BC13-7A2D6BF6CAED}.Debug|iPhone.ActiveCfg = Debug|x64
		{7BD9381E-5741-4DCF-BC13-7A2D6BF6CAED}.Debug|iPhone.Build.0 = Debug|x64
		{7BD9381E-5741-4DCF-BC13-7A2D6BF6CAED}.Debug|iPhone.Deploy.0 = Debug|x64
		{7BD9381E-5741-4DCF-BC13-7A2D6BF6CAED}.Debug|iPhoneSimulator.ActiveCfg = Debug|x64
		{7BD9381E-5741-4DCF-BC13-7A2D6BF6CAED}.Debug|iPhoneSimulator.Build.0 = Debug|x64
		{7BD9381E-5741-4DCF-BC13-7A2D6BF6CAED}.Debug|iPhoneSimulator.Deploy.0 = Debug|x64
		{7BD9381E-5741-4DCF-BC13-7A2D6BF6CAED}.Debug|x64.ActiveCfg = Debug|x64
		{7BD9381E-5741-4DCF-BC13-7A2D6BF6CAED}.Debug|x64.Build.0 = Debug|x64
		{7BD9381E-5741-4DCF-BC13-7A2D6BF6CAED}.Debug|x64.Deploy.0 = Debug|x64
		{7BD9381E-5741-4DCF-BC13-7A2D6BF6CAED}.Debug|x86.ActiveCfg = Debug|x86
		{7BD9381E-5741-4DCF-BC13-7A2D6BF6CAED}.Debug|x86.Build.0 = Debug|x86
		{7BD9381E-5741-4DCF-BC13-7A2D6BF6CAED}.Debug|x86.Deploy.0 = Debug|x86
		{7BD9381E-5741-4DCF-BC13-7A2D6BF6CAED}.Release|Any CPU.ActiveCfg = Release|x64
		{7BD9381E-5741-4DCF-BC13-7A2D6BF6CAED}.Release|Any CPU.Build.0 = Release|x64
		{7BD9381E-5741-4DCF-BC13-7A2D6BF6CAED}.Release|Any CPU.Deploy.0 = Release|x64
		{7BD9381E-5741-4DCF-BC13-7A2D6BF6CAED}.Release|ARM.ActiveCfg = Release|ARM
		{7BD9381E-5741-4DCF-BC13-7A2D6BF6CAED}.Release|ARM.Build.0 = Release|ARM
		{7BD9381E-5741-4DCF-BC13-7A2D6BF6CAED}.Release|ARM.Deploy.0 = Release|ARM
		{7BD9381E-5741-4DCF-BC13-7A2D6BF6CAED}.Release|iPhone.ActiveCfg = Release|x64
		{7BD9381E-5741-4DCF-BC13-7A2D6BF6CAED}.Release|iPhone.Build.0 = Release|x64
		{7BD9381E-5741-4DCF-BC13-7A2D6BF6CAED}.Release|iPhone.Deploy.0 = Release|x64
		{7BD9381E-5741-4DCF-BC13-7A2D6BF6CAED}.Release|iPhoneSimulator.ActiveCfg = Release|x64
		{7BD9381E-5741-4DCF-BC13-7A2D6BF6CAED}.Release|iPhoneSimulator.Build.0 = Release|x64
		{7BD9381E-5741-4DCF-BC13-7A2D6BF6CAED}.Release|iPhoneSimulator.Deploy.0 = Release|x64
		{7BD9381E-5741-4DCF-BC13-7A2D6BF6CAED}.Release|x64.ActiveCfg = Release|x64
		{7BD9381E-5741-4DCF-BC13-7A2D6BF6CAED}.Release|x64.Build.0 = Release|x64
		{7BD9381E-5741-4DCF-BC13-7A2D6BF6CAED}.Release|x64.Deploy.0 = Release|x64
		{7BD9381E-5741-4DCF-BC13-7A2D6BF6CAED}.Release|x86.ActiveCfg = Release|x86
		{7BD9381E-5741-4DCF-BC13-7A2D6BF6CAED}.Release|x86.Build.0 = Release|x86
		{7BD9381E-5741-4DCF-BC13-7A2D6BF6CAED}.Release|x86.Deploy.0 = Release|x86
		{7BC7DFB4-7712-435D-9C75-6C5A36971E68}.Debug|Any CPU.ActiveCfg = Debug|Any CPU
		{7BC7DFB4-7712-435D-9C75-6C5A36971E68}.Debug|Any CPU.Build.0 = Debug|Any CPU
		{7BC7DFB4-7712-435D-9C75-6C5A36971E68}.Debug|Any CPU.Deploy.0 = Debug|Any CPU
		{7BC7DFB4-7712-435D-9C75-6C5A36971E68}.Debug|ARM.ActiveCfg = Debug|Any CPU
		{7BC7DFB4-7712-435D-9C75-6C5A36971E68}.Debug|ARM.Build.0 = Debug|Any CPU
		{7BC7DFB4-7712-435D-9C75-6C5A36971E68}.Debug|ARM.Deploy.0 = Debug|Any CPU
		{7BC7DFB4-7712-435D-9C75-6C5A36971E68}.Debug|iPhone.ActiveCfg = Debug|Any CPU
		{7BC7DFB4-7712-435D-9C75-6C5A36971E68}.Debug|iPhone.Build.0 = Debug|Any CPU
		{7BC7DFB4-7712-435D-9C75-6C5A36971E68}.Debug|iPhone.Deploy.0 = Debug|Any CPU
		{7BC7DFB4-7712-435D-9C75-6C5A36971E68}.Debug|iPhoneSimulator.ActiveCfg = Debug|Any CPU
		{7BC7DFB4-7712-435D-9C75-6C5A36971E68}.Debug|iPhoneSimulator.Build.0 = Debug|Any CPU
		{7BC7DFB4-7712-435D-9C75-6C5A36971E68}.Debug|iPhoneSimulator.Deploy.0 = Debug|Any CPU
		{7BC7DFB4-7712-435D-9C75-6C5A36971E68}.Debug|x64.ActiveCfg = Debug|Any CPU
		{7BC7DFB4-7712-435D-9C75-6C5A36971E68}.Debug|x64.Build.0 = Debug|Any CPU
		{7BC7DFB4-7712-435D-9C75-6C5A36971E68}.Debug|x64.Deploy.0 = Debug|Any CPU
		{7BC7DFB4-7712-435D-9C75-6C5A36971E68}.Debug|x86.ActiveCfg = Debug|Any CPU
		{7BC7DFB4-7712-435D-9C75-6C5A36971E68}.Debug|x86.Build.0 = Debug|Any CPU
		{7BC7DFB4-7712-435D-9C75-6C5A36971E68}.Debug|x86.Deploy.0 = Debug|Any CPU
		{7BC7DFB4-7712-435D-9C75-6C5A36971E68}.Release|Any CPU.ActiveCfg = Release|Any CPU
		{7BC7DFB4-7712-435D-9C75-6C5A36971E68}.Release|Any CPU.Build.0 = Release|Any CPU
		{7BC7DFB4-7712-435D-9C75-6C5A36971E68}.Release|Any CPU.Deploy.0 = Release|Any CPU
		{7BC7DFB4-7712-435D-9C75-6C5A36971E68}.Release|ARM.ActiveCfg = Release|Any CPU
		{7BC7DFB4-7712-435D-9C75-6C5A36971E68}.Release|ARM.Build.0 = Release|Any CPU
		{7BC7DFB4-7712-435D-9C75-6C5A36971E68}.Release|ARM.Deploy.0 = Release|Any CPU
		{7BC7DFB4-7712-435D-9C75-6C5A36971E68}.Release|iPhone.ActiveCfg = Release|Any CPU
		{7BC7DFB4-7712-435D-9C75-6C5A36971E68}.Release|iPhone.Build.0 = Release|Any CPU
		{7BC7DFB4-7712-435D-9C75-6C5A36971E68}.Release|iPhone.Deploy.0 = Release|Any CPU
		{7BC7DFB4-7712-435D-9C75-6C5A36971E68}.Release|iPhoneSimulator.ActiveCfg = Release|Any CPU
		{7BC7DFB4-7712-435D-9C75-6C5A36971E68}.Release|iPhoneSimulator.Build.0 = Release|Any CPU
		{7BC7DFB4-7712-435D-9C75-6C5A36971E68}.Release|iPhoneSimulator.Deploy.0 = Release|Any CPU
		{7BC7DFB4-7712-435D-9C75-6C5A36971E68}.Release|x64.ActiveCfg = Release|Any CPU
		{7BC7DFB4-7712-435D-9C75-6C5A36971E68}.Release|x64.Build.0 = Release|Any CPU
		{7BC7DFB4-7712-435D-9C75-6C5A36971E68}.Release|x64.Deploy.0 = Release|Any CPU
		{7BC7DFB4-7712-435D-9C75-6C5A36971E68}.Release|x86.ActiveCfg = Release|Any CPU
		{7BC7DFB4-7712-435D-9C75-6C5A36971E68}.Release|x86.Build.0 = Release|Any CPU
		{7BC7DFB4-7712-435D-9C75-6C5A36971E68}.Release|x86.Deploy.0 = Release|Any CPU
		{C268C031-D454-4498-BC64-FEEBACC7C4B3}.Debug|Any CPU.ActiveCfg = Debug|iPhoneSimulator
		{C268C031-D454-4498-BC64-FEEBACC7C4B3}.Debug|Any CPU.Build.0 = Debug|iPhoneSimulator
		{C268C031-D454-4498-BC64-FEEBACC7C4B3}.Debug|Any CPU.Deploy.0 = Debug|iPhoneSimulator
		{C268C031-D454-4498-BC64-FEEBACC7C4B3}.Debug|ARM.ActiveCfg = Debug|iPhoneSimulator
		{C268C031-D454-4498-BC64-FEEBACC7C4B3}.Debug|ARM.Build.0 = Debug|iPhoneSimulator
		{C268C031-D454-4498-BC64-FEEBACC7C4B3}.Debug|ARM.Deploy.0 = Debug|iPhoneSimulator
		{C268C031-D454-4498-BC64-FEEBACC7C4B3}.Debug|iPhone.ActiveCfg = Debug|iPhone
		{C268C031-D454-4498-BC64-FEEBACC7C4B3}.Debug|iPhone.Build.0 = Debug|iPhone
		{C268C031-D454-4498-BC64-FEEBACC7C4B3}.Debug|iPhone.Deploy.0 = Debug|iPhone
		{C268C031-D454-4498-BC64-FEEBACC7C4B3}.Debug|iPhoneSimulator.ActiveCfg = Debug|iPhoneSimulator
		{C268C031-D454-4498-BC64-FEEBACC7C4B3}.Debug|iPhoneSimulator.Build.0 = Debug|iPhoneSimulator
		{C268C031-D454-4498-BC64-FEEBACC7C4B3}.Debug|iPhoneSimulator.Deploy.0 = Debug|iPhoneSimulator
		{C268C031-D454-4498-BC64-FEEBACC7C4B3}.Debug|x64.ActiveCfg = Debug|iPhone
		{C268C031-D454-4498-BC64-FEEBACC7C4B3}.Debug|x64.Build.0 = Debug|iPhone
		{C268C031-D454-4498-BC64-FEEBACC7C4B3}.Debug|x64.Deploy.0 = Debug|iPhone
		{C268C031-D454-4498-BC64-FEEBACC7C4B3}.Debug|x86.ActiveCfg = Debug|iPhoneSimulator
		{C268C031-D454-4498-BC64-FEEBACC7C4B3}.Debug|x86.Build.0 = Debug|iPhoneSimulator
		{C268C031-D454-4498-BC64-FEEBACC7C4B3}.Debug|x86.Deploy.0 = Debug|iPhoneSimulator
		{C268C031-D454-4498-BC64-FEEBACC7C4B3}.Release|Any CPU.ActiveCfg = Release|iPhoneSimulator
		{C268C031-D454-4498-BC64-FEEBACC7C4B3}.Release|Any CPU.Build.0 = Release|iPhoneSimulator
		{C268C031-D454-4498-BC64-FEEBACC7C4B3}.Release|Any CPU.Deploy.0 = Release|iPhoneSimulator
		{C268C031-D454-4498-BC64-FEEBACC7C4B3}.Release|ARM.ActiveCfg = Release|iPhoneSimulator
		{C268C031-D454-4498-BC64-FEEBACC7C4B3}.Release|ARM.Build.0 = Release|iPhoneSimulator
		{C268C031-D454-4498-BC64-FEEBACC7C4B3}.Release|ARM.Deploy.0 = Release|iPhoneSimulator
		{C268C031-D454-4498-BC64-FEEBACC7C4B3}.Release|iPhone.ActiveCfg = Release|iPhone
		{C268C031-D454-4498-BC64-FEEBACC7C4B3}.Release|iPhone.Build.0 = Release|iPhone
		{C268C031-D454-4498-BC64-FEEBACC7C4B3}.Release|iPhone.Deploy.0 = Release|iPhone
		{C268C031-D454-4498-BC64-FEEBACC7C4B3}.Release|iPhoneSimulator.ActiveCfg = Release|iPhoneSimulator
		{C268C031-D454-4498-BC64-FEEBACC7C4B3}.Release|iPhoneSimulator.Build.0 = Release|iPhoneSimulator
		{C268C031-D454-4498-BC64-FEEBACC7C4B3}.Release|iPhoneSimulator.Deploy.0 = Release|iPhoneSimulator
		{C268C031-D454-4498-BC64-FEEBACC7C4B3}.Release|x64.ActiveCfg = Release|iPhoneSimulator
		{C268C031-D454-4498-BC64-FEEBACC7C4B3}.Release|x64.Build.0 = Release|iPhoneSimulator
		{C268C031-D454-4498-BC64-FEEBACC7C4B3}.Release|x64.Deploy.0 = Release|iPhoneSimulator
		{C268C031-D454-4498-BC64-FEEBACC7C4B3}.Release|x86.ActiveCfg = Release|iPhoneSimulator
		{C268C031-D454-4498-BC64-FEEBACC7C4B3}.Release|x86.Build.0 = Release|iPhoneSimulator
		{C268C031-D454-4498-BC64-FEEBACC7C4B3}.Release|x86.Deploy.0 = Release|iPhoneSimulator
		{9F26D3E9-533E-420C-9C1B-0095C7069EC0}.Debug|Any CPU.ActiveCfg = Debug|Any CPU
		{9F26D3E9-533E-420C-9C1B-0095C7069EC0}.Debug|Any CPU.Build.0 = Debug|Any CPU
		{9F26D3E9-533E-420C-9C1B-0095C7069EC0}.Debug|Any CPU.Deploy.0 = Debug|Any CPU
		{9F26D3E9-533E-420C-9C1B-0095C7069EC0}.Debug|ARM.ActiveCfg = Debug|Any CPU
		{9F26D3E9-533E-420C-9C1B-0095C7069EC0}.Debug|ARM.Build.0 = Debug|Any CPU
		{9F26D3E9-533E-420C-9C1B-0095C7069EC0}.Debug|ARM.Deploy.0 = Debug|Any CPU
		{9F26D3E9-533E-420C-9C1B-0095C7069EC0}.Debug|iPhone.ActiveCfg = Debug|Any CPU
		{9F26D3E9-533E-420C-9C1B-0095C7069EC0}.Debug|iPhone.Build.0 = Debug|Any CPU
		{9F26D3E9-533E-420C-9C1B-0095C7069EC0}.Debug|iPhone.Deploy.0 = Debug|Any CPU
		{9F26D3E9-533E-420C-9C1B-0095C7069EC0}.Debug|iPhoneSimulator.ActiveCfg = Debug|Any CPU
		{9F26D3E9-533E-420C-9C1B-0095C7069EC0}.Debug|iPhoneSimulator.Build.0 = Debug|Any CPU
		{9F26D3E9-533E-420C-9C1B-0095C7069EC0}.Debug|iPhoneSimulator.Deploy.0 = Debug|Any CPU
		{9F26D3E9-533E-420C-9C1B-0095C7069EC0}.Debug|x64.ActiveCfg = Debug|Any CPU
		{9F26D3E9-533E-420C-9C1B-0095C7069EC0}.Debug|x64.Build.0 = Debug|Any CPU
		{9F26D3E9-533E-420C-9C1B-0095C7069EC0}.Debug|x64.Deploy.0 = Debug|Any CPU
		{9F26D3E9-533E-420C-9C1B-0095C7069EC0}.Debug|x86.ActiveCfg = Debug|Any CPU
		{9F26D3E9-533E-420C-9C1B-0095C7069EC0}.Debug|x86.Build.0 = Debug|Any CPU
		{9F26D3E9-533E-420C-9C1B-0095C7069EC0}.Debug|x86.Deploy.0 = Debug|Any CPU
		{9F26D3E9-533E-420C-9C1B-0095C7069EC0}.Release|Any CPU.ActiveCfg = Release|Any CPU
		{9F26D3E9-533E-420C-9C1B-0095C7069EC0}.Release|Any CPU.Build.0 = Release|Any CPU
		{9F26D3E9-533E-420C-9C1B-0095C7069EC0}.Release|Any CPU.Deploy.0 = Release|Any CPU
		{9F26D3E9-533E-420C-9C1B-0095C7069EC0}.Release|ARM.ActiveCfg = Release|Any CPU
		{9F26D3E9-533E-420C-9C1B-0095C7069EC0}.Release|ARM.Build.0 = Release|Any CPU
		{9F26D3E9-533E-420C-9C1B-0095C7069EC0}.Release|ARM.Deploy.0 = Release|Any CPU
		{9F26D3E9-533E-420C-9C1B-0095C7069EC0}.Release|iPhone.ActiveCfg = Release|Any CPU
		{9F26D3E9-533E-420C-9C1B-0095C7069EC0}.Release|iPhone.Build.0 = Release|Any CPU
		{9F26D3E9-533E-420C-9C1B-0095C7069EC0}.Release|iPhone.Deploy.0 = Release|Any CPU
		{9F26D3E9-533E-420C-9C1B-0095C7069EC0}.Release|iPhoneSimulator.ActiveCfg = Release|Any CPU
		{9F26D3E9-533E-420C-9C1B-0095C7069EC0}.Release|iPhoneSimulator.Build.0 = Release|Any CPU
		{9F26D3E9-533E-420C-9C1B-0095C7069EC0}.Release|iPhoneSimulator.Deploy.0 = Release|Any CPU
		{9F26D3E9-533E-420C-9C1B-0095C7069EC0}.Release|x64.ActiveCfg = Release|Any CPU
		{9F26D3E9-533E-420C-9C1B-0095C7069EC0}.Release|x64.Build.0 = Release|Any CPU
		{9F26D3E9-533E-420C-9C1B-0095C7069EC0}.Release|x64.Deploy.0 = Release|Any CPU
		{9F26D3E9-533E-420C-9C1B-0095C7069EC0}.Release|x86.ActiveCfg = Release|Any CPU
		{9F26D3E9-533E-420C-9C1B-0095C7069EC0}.Release|x86.Build.0 = Release|Any CPU
		{9F26D3E9-533E-420C-9C1B-0095C7069EC0}.Release|x86.Deploy.0 = Release|Any CPU
	EndGlobalSection
	GlobalSection(SolutionProperties) = preSolution
		HideSolutionNode = FALSE
	EndGlobalSection
	GlobalSection(ExtensibilityGlobals) = postSolution
		SolutionGuid = {14B54D0A-895B-4B7E-AC72-14EB6FBFB492}
	EndGlobalSection
EndGlobal
